
Microsoft Visual Studio Solution File, Format Version 12.00
# Visual Studio Version 17
VisualStudioVersion = 17.4.33103.184
MinimumVisualStudioVersion = 10.0.40219.1
Project("{FAE04EC0-301F-11D3-BF4B-00C04F79EFBC}") = "FoodApp.MVC", "FoodApp.MVC\FoodApp.MVC.csproj", "{707A9148-60E4-4B9F-8F11-52E880B75E83}"
EndProject
Project("{FAE04EC0-301F-11D3-BF4B-00C04F79EFBC}") = "FoodApp.DAL", "FoodApp.DAL\FoodApp.DAL.csproj", "{8DA91F76-902B-4812-9309-86FBFCE312C3}"
EndProject
Project("{FAE04EC0-301F-11D3-BF4B-00C04F79EFBC}") = "FoodApp.BLL", "FoodApp.BLL\FoodApp.BLL.csproj", "{0247401B-19D8-4750-9624-B6AFDB9BE3C3}"
EndProject
Global
	GlobalSection(SolutionConfigurationPlatforms) = preSolution
		Debug|Any CPU = Debug|Any CPU
		Release|Any CPU = Release|Any CPU
	EndGlobalSection
	GlobalSection(ProjectConfigurationPlatforms) = postSolution
		{707A9148-60E4-4B9F-8F11-52E880B75E83}.Debug|Any CPU.ActiveCfg = Debug|Any CPU
		{707A9148-60E4-4B9F-8F11-52E880B75E83}.Debug|Any CPU.Build.0 = Debug|Any CPU
		{707A9148-60E4-4B9F-8F11-52E880B75E83}.Release|Any CPU.ActiveCfg = Release|Any CPU
		{707A9148-60E4-4B9F-8F11-52E880B75E83}.Release|Any CPU.Build.0 = Release|Any CPU
		{8DA91F76-902B-4812-9309-86FBFCE312C3}.Debug|Any CPU.ActiveCfg = Debug|Any CPU
		{8DA91F76-902B-4812-9309-86FBFCE312C3}.Debug|Any CPU.Build.0 = Debug|Any CPU
		{8DA91F76-902B-4812-9309-86FBFCE312C3}.Release|Any CPU.ActiveCfg = Release|Any CPU
		{8DA91F76-902B-4812-9309-86FBFCE312C3}.Release|Any CPU.Build.0 = Release|Any CPU
		{0247401B-19D8-4750-9624-B6AFDB9BE3C3}.Debug|Any CPU.ActiveCfg = Debug|Any CPU
		{0247401B-19D8-4750-9624-B6AFDB9BE3C3}.Debug|Any CPU.Build.0 = Debug|Any CPU
		{0247401B-19D8-4750-9624-B6AFDB9BE3C3}.Release|Any CPU.ActiveCfg = Release|Any CPU
		{0247401B-19D8-4750-9624-B6AFDB9BE3C3}.Release|Any CPU.Build.0 = Release|Any CPU
	EndGlobalSection
	GlobalSection(SolutionProperties) = preSolution
		HideSolutionNode = FALSE
	EndGlobalSection
	GlobalSection(ExtensibilityGlobals) = postSolution
		SolutionGuid = {679DC9B9-6C45-4B16-B3BA-8CD469B374A5}
	EndGlobalSection
EndGlobal
